
Microsoft Visual Studio Solution File, Format Version 12.00
# Visual Studio 15
VisualStudioVersion = 15.0.27130.2024
MinimumVisualStudioVersion = 10.0.40219.1
Project("{FAE04EC0-301F-11D3-BF4B-00C04F79EFBC}") = "Jaditronics.Android", "Jaditronics\Jaditronics.Android\Jaditronics.Android.csproj", "{D845C592-1110-4B2C-811F-CE8742395B47}"
EndProject
Project("{FAE04EC0-301F-11D3-BF4B-00C04F79EFBC}") = "Jaditronics.iOS", "Jaditronics\Jaditronics.iOS\Jaditronics.iOS.csproj", "{D4ED63EE-5A21-402F-9FE7-B36F7716D2AA}"
EndProject
Project("{FAE04EC0-301F-11D3-BF4B-00C04F79EFBC}") = "Jaditronics.UWP", "Jaditronics\Jaditronics.UWP\Jaditronics.UWP.csproj", "{51B9CA3C-372D-4B53-80E9-D1E708BE1C6F}"
EndProject
Project("{D954291E-2A0B-460D-934E-DC6B0785DB48}") = "Jaditronics", "Jaditronics\Jaditronics\Jaditronics.shproj", "{0226A1F2-A71E-4A0C-B98B-D5C96FF1461C}"
EndProject
Global
	GlobalSection(SharedMSBuildProjectFiles) = preSolution
		Jaditronics\Jaditronics\Jaditronics.projitems*{0226a1f2-a71e-4a0c-b98b-d5c96ff1461c}*SharedItemsImports = 13
		Jaditronics\Jaditronics\Jaditronics.projitems*{51b9ca3c-372d-4b53-80e9-d1e708be1c6f}*SharedItemsImports = 4
		Jaditronics\Jaditronics\Jaditronics.projitems*{d4ed63ee-5a21-402f-9fe7-b36f7716d2aa}*SharedItemsImports = 4
		Jaditronics\Jaditronics\Jaditronics.projitems*{d845c592-1110-4b2c-811f-ce8742395b47}*SharedItemsImports = 4
	EndGlobalSection
	GlobalSection(SolutionConfigurationPlatforms) = preSolution
		Ad-Hoc|Any CPU = Ad-Hoc|Any CPU
		Ad-Hoc|ARM = Ad-Hoc|ARM
		Ad-Hoc|iPhone = Ad-Hoc|iPhone
		Ad-Hoc|iPhoneSimulator = Ad-Hoc|iPhoneSimulator
		Ad-Hoc|x64 = Ad-Hoc|x64
		Ad-Hoc|x86 = Ad-Hoc|x86
		AppStore|Any CPU = AppStore|Any CPU
		AppStore|ARM = AppStore|ARM
		AppStore|iPhone = AppStore|iPhone
		AppStore|iPhoneSimulator = AppStore|iPhoneSimulator
		AppStore|x64 = AppStore|x64
		AppStore|x86 = AppStore|x86
		Debug|Any CPU = Debug|Any CPU
		Debug|ARM = Debug|ARM
		Debug|iPhone = Debug|iPhone
		Debug|iPhoneSimulator = Debug|iPhoneSimulator
		Debug|x64 = Debug|x64
		Debug|x86 = Debug|x86
		Release|Any CPU = Release|Any CPU
		Release|ARM = Release|ARM
		Release|iPhone = Release|iPhone
		Release|iPhoneSimulator = Release|iPhoneSimulator
		Release|x64 = Release|x64
		Release|x86 = Release|x86
	EndGlobalSection
	GlobalSection(ProjectConfigurationPlatforms) = postSolution
		{D845C592-1110-4B2C-811F-CE8742395B47}.Ad-Hoc|Any CPU.ActiveCfg = Release|Any CPU
		{D845C592-1110-4B2C-811F-CE8742395B47}.Ad-Hoc|Any CPU.Build.0 = Release|Any CPU
		{D845C592-1110-4B2C-811F-CE8742395B47}.Ad-Hoc|Any CPU.Deploy.0 = Release|Any CPU
		{D845C592-1110-4B2C-811F-CE8742395B47}.Ad-Hoc|ARM.ActiveCfg = Release|Any CPU
		{D845C592-1110-4B2C-811F-CE8742395B47}.Ad-Hoc|ARM.Build.0 = Release|Any CPU
		{D845C592-1110-4B2C-811F-CE8742395B47}.Ad-Hoc|ARM.Deploy.0 = Release|Any CPU
		{D845C592-1110-4B2C-811F-CE8742395B47}.Ad-Hoc|iPhone.ActiveCfg = Release|Any CPU
		{D845C592-1110-4B2C-811F-CE8742395B47}.Ad-Hoc|iPhone.Build.0 = Release|Any CPU
		{D845C592-1110-4B2C-811F-CE8742395B47}.Ad-Hoc|iPhone.Deploy.0 = Release|Any CPU
		{D845C592-1110-4B2C-811F-CE8742395B47}.Ad-Hoc|iPhoneSimulator.ActiveCfg = Release|Any CPU
		{D845C592-1110-4B2C-811F-CE8742395B47}.Ad-Hoc|iPhoneSimulator.Build.0 = Release|Any CPU
		{D845C592-1110-4B2C-811F-CE8742395B47}.Ad-Hoc|iPhoneSimulator.Deploy.0 = Release|Any CPU
		{D845C592-1110-4B2C-811F-CE8742395B47}.Ad-Hoc|x64.ActiveCfg = Release|Any CPU
		{D845C592-1110-4B2C-811F-CE8742395B47}.Ad-Hoc|x64.Build.0 = Release|Any CPU
		{D845C592-1110-4B2C-811F-CE8742395B47}.Ad-Hoc|x64.Deploy.0 = Release|Any CPU
		{D845C592-1110-4B2C-811F-CE8742395B47}.Ad-Hoc|x86.ActiveCfg = Release|Any CPU
		{D845C592-1110-4B2C-811F-CE8742395B47}.Ad-Hoc|x86.Build.0 = Release|Any CPU
		{D845C592-1110-4B2C-811F-CE8742395B47}.Ad-Hoc|x86.Deploy.0 = Release|Any CPU
		{D845C592-1110-4B2C-811F-CE8742395B47}.AppStore|Any CPU.ActiveCfg = Release|Any CPU
		{D845C592-1110-4B2C-811F-CE8742395B47}.AppStore|Any CPU.Build.0 = Release|Any CPU
		{D845C592-1110-4B2C-811F-CE8742395B47}.AppStore|Any CPU.Deploy.0 = Release|Any CPU
		{D845C592-1110-4B2C-811F-CE8742395B47}.AppStore|ARM.ActiveCfg = Release|Any CPU
		{D845C592-1110-4B2C-811F-CE8742395B47}.AppStore|ARM.Build.0 = Release|Any CPU
		{D845C592-1110-4B2C-811F-CE8742395B47}.AppStore|ARM.Deploy.0 = Release|Any CPU
		{D845C592-1110-4B2C-811F-CE8742395B47}.AppStore|iPhone.ActiveCfg = Release|Any CPU
		{D845C592-1110-4B2C-811F-CE8742395B47}.AppStore|iPhone.Build.0 = Release|Any CPU
		{D845C592-1110-4B2C-811F-CE8742395B47}.AppStore|iPhone.Deploy.0 = Release|Any CPU
		{D845C592-1110-4B2C-811F-CE8742395B47}.AppStore|iPhoneSimulator.ActiveCfg = Release|Any CPU
		{D845C592-1110-4B2C-811F-CE8742395B47}.AppStore|iPhoneSimulator.Build.0 = Release|Any CPU
		{D845C592-1110-4B2C-811F-CE8742395B47}.AppStore|iPhoneSimulator.Deploy.0 = Release|Any CPU
		{D845C592-1110-4B2C-811F-CE8742395B47}.AppStore|x64.ActiveCfg = Release|Any CPU
		{D845C592-1110-4B2C-811F-CE8742395B47}.AppStore|x64.Build.0 = Release|Any CPU
		{D845C592-1110-4B2C-811F-CE8742395B47}.AppStore|x64.Deploy.0 = Release|Any CPU
		{D845C592-1110-4B2C-811F-CE8742395B47}.AppStore|x86.ActiveCfg = Release|Any CPU
		{D845C592-1110-4B2C-811F-CE8742395B47}.AppStore|x86.Build.0 = Release|Any CPU
		{D845C592-1110-4B2C-811F-CE8742395B47}.AppStore|x86.Deploy.0 = Release|Any CPU
		{D845C592-1110-4B2C-811F-CE8742395B47}.Debug|Any CPU.ActiveCfg = Debug|Any CPU
		{D845C592-1110-4B2C-811F-CE8742395B47}.Debug|Any CPU.Build.0 = Debug|Any CPU
		{D845C592-1110-4B2C-811F-CE8742395B47}.Debug|Any CPU.Deploy.0 = Debug|Any CPU
		{D845C592-1110-4B2C-811F-CE8742395B47}.Debug|ARM.ActiveCfg = Debug|Any CPU
		{D845C592-1110-4B2C-811F-CE8742395B47}.Debug|ARM.Build.0 = Debug|Any CPU
		{D845C592-1110-4B2C-811F-CE8742395B47}.Debug|ARM.Deploy.0 = Debug|Any CPU
		{D845C592-1110-4B2C-811F-CE8742395B47}.Debug|iPhone.ActiveCfg = Debug|Any CPU
		{D845C592-1110-4B2C-811F-CE8742395B47}.Debug|iPhone.Build.0 = Debug|Any CPU
		{D845C592-1110-4B2C-811F-CE8742395B47}.Debug|iPhone.Deploy.0 = Debug|Any CPU
		{D845C592-1110-4B2C-811F-CE8742395B47}.Debug|iPhoneSimulator.ActiveCfg = Debug|Any CPU
		{D845C592-1110-4B2C-811F-CE8742395B47}.Debug|iPhoneSimulator.Build.0 = Debug|Any CPU
		{D845C592-1110-4B2C-811F-CE8742395B47}.Debug|iPhoneSimulator.Deploy.0 = Debug|Any CPU
		{D845C592-1110-4B2C-811F-CE8742395B47}.Debug|x64.ActiveCfg = Debug|Any CPU
		{D845C592-1110-4B2C-811F-CE8742395B47}.Debug|x64.Build.0 = Debug|Any CPU
		{D845C592-1110-4B2C-811F-CE8742395B47}.Debug|x64.Deploy.0 = Debug|Any CPU
		{D845C592-1110-4B2C-811F-CE8742395B47}.Debug|x86.ActiveCfg = Debug|Any CPU
		{D845C592-1110-4B2C-811F-CE8742395B47}.Debug|x86.Build.0 = Debug|Any CPU
		{D845C592-1110-4B2C-811F-CE8742395B47}.Debug|x86.Deploy.0 = Debug|Any CPU
		{D845C592-1110-4B2C-811F-CE8742395B47}.Release|Any CPU.ActiveCfg = Release|Any CPU
		{D845C592-1110-4B2C-811F-CE8742395B47}.Release|Any CPU.Build.0 = Release|Any CPU
		{D845C592-1110-4B2C-811F-CE8742395B47}.Release|Any CPU.Deploy.0 = Release|Any CPU
		{D845C592-1110-4B2C-811F-CE8742395B47}.Release|ARM.ActiveCfg = Release|Any CPU
		{D845C592-1110-4B2C-811F-CE8742395B47}.Release|ARM.Build.0 = Release|Any CPU
		{D845C592-1110-4B2C-811F-CE8742395B47}.Release|ARM.Deploy.0 = Release|Any CPU
		{D845C592-1110-4B2C-811F-CE8742395B47}.Release|iPhone.ActiveCfg = Release|Any CPU
		{D845C592-1110-4B2C-811F-CE8742395B47}.Release|iPhone.Build.0 = Release|Any CPU
		{D845C592-1110-4B2C-811F-CE8742395B47}.Release|iPhone.Deploy.0 = Release|Any CPU
		{D845C592-1110-4B2C-811F-CE8742395B47}.Release|iPhoneSimulator.ActiveCfg = Release|Any CPU
		{D845C592-1110-4B2C-811F-CE8742395B47}.Release|iPhoneSimulator.Build.0 = Release|Any CPU
		{D845C592-1110-4B2C-811F-CE8742395B47}.Release|iPhoneSimulator.Deploy.0 = Release|Any CPU
		{D845C592-1110-4B2C-811F-CE8742395B47}.Release|x64.ActiveCfg = Release|Any CPU
		{D845C592-1110-4B2C-811F-CE8742395B47}.Release|x64.Build.0 = Release|Any CPU
		{D845C592-1110-4B2C-811F-CE8742395B47}.Release|x64.Deploy.0 = Release|Any CPU
		{D845C592-1110-4B2C-811F-CE8742395B47}.Release|x86.ActiveCfg = Release|Any CPU
		{D845C592-1110-4B2C-811F-CE8742395B47}.Release|x86.Build.0 = Release|Any CPU
		{D845C592-1110-4B2C-811F-CE8742395B47}.Release|x86.Deploy.0 = Release|Any CPU
		{D4ED63EE-5A21-402F-9FE7-B36F7716D2AA}.Ad-Hoc|Any CPU.ActiveCfg = Ad-Hoc|iPhone
		{D4ED63EE-5A21-402F-9FE7-B36F7716D2AA}.Ad-Hoc|ARM.ActiveCfg = Ad-Hoc|iPhone
		{D4ED63EE-5A21-402F-9FE7-B36F7716D2AA}.Ad-Hoc|iPhone.ActiveCfg = Ad-Hoc|iPhone
		{D4ED63EE-5A21-402F-9FE7-B36F7716D2AA}.Ad-Hoc|iPhone.Build.0 = Ad-Hoc|iPhone
		{D4ED63EE-5A21-402F-9FE7-B36F7716D2AA}.Ad-Hoc|iPhoneSimulator.ActiveCfg = Ad-Hoc|iPhoneSimulator
		{D4ED63EE-5A21-402F-9FE7-B36F7716D2AA}.Ad-Hoc|iPhoneSimulator.Build.0 = Ad-Hoc|iPhoneSimulator
		{D4ED63EE-5A21-402F-9FE7-B36F7716D2AA}.Ad-Hoc|x64.ActiveCfg = Ad-Hoc|iPhone
		{D4ED63EE-5A21-402F-9FE7-B36F7716D2AA}.Ad-Hoc|x86.ActiveCfg = Ad-Hoc|iPhone
		{D4ED63EE-5A21-402F-9FE7-B36F7716D2AA}.AppStore|Any CPU.ActiveCfg = AppStore|iPhone
		{D4ED63EE-5A21-402F-9FE7-B36F7716D2AA}.AppStore|ARM.ActiveCfg = AppStore|iPhone
		{D4ED63EE-5A21-402F-9FE7-B36F7716D2AA}.AppStore|iPhone.ActiveCfg = AppStore|iPhone
		{D4ED63EE-5A21-402F-9FE7-B36F7716D2AA}.AppStore|iPhone.Build.0 = AppStore|iPhone
		{D4ED63EE-5A21-402F-9FE7-B36F7716D2AA}.AppStore|iPhoneSimulator.ActiveCfg = AppStore|iPhoneSimulator
		{D4ED63EE-5A21-402F-9FE7-B36F7716D2AA}.AppStore|iPhoneSimulator.Build.0 = AppStore|iPhoneSimulator
		{D4ED63EE-5A21-402F-9FE7-B36F7716D2AA}.AppStore|x64.ActiveCfg = AppStore|iPhone
		{D4ED63EE-5A21-402F-9FE7-B36F7716D2AA}.AppStore|x86.ActiveCfg = AppStore|iPhone
		{D4ED63EE-5A21-402F-9FE7-B36F7716D2AA}.Debug|Any CPU.ActiveCfg = Debug|iPhone
		{D4ED63EE-5A21-402F-9FE7-B36F7716D2AA}.Debug|ARM.ActiveCfg = Debug|iPhone
		{D4ED63EE-5A21-402F-9FE7-B36F7716D2AA}.Debug|iPhone.ActiveCfg = Debug|iPhone
		{D4ED63EE-5A21-402F-9FE7-B36F7716D2AA}.Debug|iPhone.Build.0 = Debug|iPhone
		{D4ED63EE-5A21-402F-9FE7-B36F7716D2AA}.Debug|iPhoneSimulator.ActiveCfg = Debug|iPhoneSimulator
		{D4ED63EE-5A21-402F-9FE7-B36F7716D2AA}.Debug|iPhoneSimulator.Build.0 = Debug|iPhoneSimulator
		{D4ED63EE-5A21-402F-9FE7-B36F7716D2AA}.Debug|x64.ActiveCfg = Debug|iPhone
		{D4ED63EE-5A21-402F-9FE7-B36F7716D2AA}.Debug|x86.ActiveCfg = Debug|iPhone
		{D4ED63EE-5A21-402F-9FE7-B36F7716D2AA}.Release|Any CPU.ActiveCfg = Release|iPhone
		{D4ED63EE-5A21-402F-9FE7-B36F7716D2AA}.Release|ARM.ActiveCfg = Release|iPhone
		{D4ED63EE-5A21-402F-9FE7-B36F7716D2AA}.Release|iPhone.ActiveCfg = Release|iPhone
		{D4ED63EE-5A21-402F-9FE7-B36F7716D2AA}.Release|iPhone.Build.0 = Release|iPhone
		{D4ED63EE-5A21-402F-9FE7-B36F7716D2AA}.Release|iPhoneSimulator.ActiveCfg = Release|iPhoneSimulator
		{D4ED63EE-5A21-402F-9FE7-B36F7716D2AA}.Release|iPhoneSimulator.Build.0 = Release|iPhoneSimulator
		{D4ED63EE-5A21-402F-9FE7-B36F7716D2AA}.Release|x64.ActiveCfg = Release|iPhone
		{D4ED63EE-5A21-402F-9FE7-B36F7716D2AA}.Release|x86.ActiveCfg = Release|iPhone
		{51B9CA3C-372D-4B53-80E9-D1E708BE1C6F}.Ad-Hoc|Any CPU.ActiveCfg = Release|x86
		{51B9CA3C-372D-4B53-80E9-D1E708BE1C6F}.Ad-Hoc|Any CPU.Build.0 = Release|x86
		{51B9CA3C-372D-4B53-80E9-D1E708BE1C6F}.Ad-Hoc|Any CPU.Deploy.0 = Release|x86
		{51B9CA3C-372D-4B53-80E9-D1E708BE1C6F}.Ad-Hoc|ARM.ActiveCfg = Release|ARM
		{51B9CA3C-372D-4B53-80E9-D1E708BE1C6F}.Ad-Hoc|ARM.Build.0 = Release|ARM
		{51B9CA3C-372D-4B53-80E9-D1E708BE1C6F}.Ad-Hoc|ARM.Deploy.0 = Release|ARM
		{51B9CA3C-372D-4B53-80E9-D1E708BE1C6F}.Ad-Hoc|iPhone.ActiveCfg = Release|x86
		{51B9CA3C-372D-4B53-80E9-D1E708BE1C6F}.Ad-Hoc|iPhone.Build.0 = Release|x86
		{51B9CA3C-372D-4B53-80E9-D1E708BE1C6F}.Ad-Hoc|iPhone.Deploy.0 = Release|x86
		{51B9CA3C-372D-4B53-80E9-D1E708BE1C6F}.Ad-Hoc|iPhoneSimulator.ActiveCfg = Release|x86
		{51B9CA3C-372D-4B53-80E9-D1E708BE1C6F}.Ad-Hoc|iPhoneSimulator.Build.0 = Release|x86
		{51B9CA3C-372D-4B53-80E9-D1E708BE1C6F}.Ad-Hoc|iPhoneSimulator.Deploy.0 = Release|x86
		{51B9CA3C-372D-4B53-80E9-D1E708BE1C6F}.Ad-Hoc|x64.ActiveCfg = Release|x64
		{51B9CA3C-372D-4B53-80E9-D1E708BE1C6F}.Ad-Hoc|x64.Build.0 = Release|x64
		{51B9CA3C-372D-4B53-80E9-D1E708BE1C6F}.Ad-Hoc|x64.Deploy.0 = Release|x64
		{51B9CA3C-372D-4B53-80E9-D1E708BE1C6F}.Ad-Hoc|x86.ActiveCfg = Release|x86
		{51B9CA3C-372D-4B53-80E9-D1E708BE1C6F}.Ad-Hoc|x86.Build.0 = Release|x86
		{51B9CA3C-372D-4B53-80E9-D1E708BE1C6F}.Ad-Hoc|x86.Deploy.0 = Release|x86
		{51B9CA3C-372D-4B53-80E9-D1E708BE1C6F}.AppStore|Any CPU.ActiveCfg = Release|x86
		{51B9CA3C-372D-4B53-80E9-D1E708BE1C6F}.AppStore|Any CPU.Build.0 = Release|x86
		{51B9CA3C-372D-4B53-80E9-D1E708BE1C6F}.AppStore|Any CPU.Deploy.0 = Release|x86
		{51B9CA3C-372D-4B53-80E9-D1E708BE1C6F}.AppStore|ARM.ActiveCfg = Release|ARM
		{51B9CA3C-372D-4B53-80E9-D1E708BE1C6F}.AppStore|ARM.Build.0 = Release|ARM
		{51B9CA3C-372D-4B53-80E9-D1E708BE1C6F}.AppStore|ARM.Deploy.0 = Release|ARM
		{51B9CA3C-372D-4B53-80E9-D1E708BE1C6F}.AppStore|iPhone.ActiveCfg = Release|x86
		{51B9CA3C-372D-4B53-80E9-D1E708BE1C6F}.AppStore|iPhone.Build.0 = Release|x86
		{51B9CA3C-372D-4B53-80E9-D1E708BE1C6F}.AppStore|iPhone.Deploy.0 = Release|x86
		{51B9CA3C-372D-4B53-80E9-D1E708BE1C6F}.AppStore|iPhoneSimulator.ActiveCfg = Release|x86
		{51B9CA3C-372D-4B53-80E9-D1E708BE1C6F}.AppStore|iPhoneSimulator.Build.0 = Release|x86
		{51B9CA3C-372D-4B53-80E9-D1E708BE1C6F}.AppStore|iPhoneSimulator.Deploy.0 = Release|x86
		{51B9CA3C-372D-4B53-80E9-D1E708BE1C6F}.AppStore|x64.ActiveCfg = Release|x64
		{51B9CA3C-372D-4B53-80E9-D1E708BE1C6F}.AppStore|x64.Build.0 = Release|x64
		{51B9CA3C-372D-4B53-80E9-D1E708BE1C6F}.AppStore|x64.Deploy.0 = Release|x64
		{51B9CA3C-372D-4B53-80E9-D1E708BE1C6F}.AppStore|x86.ActiveCfg = Release|x86
		{51B9CA3C-372D-4B53-80E9-D1E708BE1C6F}.AppStore|x86.Build.0 = Release|x86
		{51B9CA3C-372D-4B53-80E9-D1E708BE1C6F}.AppStore|x86.Deploy.0 = Release|x86
		{51B9CA3C-372D-4B53-80E9-D1E708BE1C6F}.Debug|Any CPU.ActiveCfg = Debug|x86
		{51B9CA3C-372D-4B53-80E9-D1E708BE1C6F}.Debug|ARM.ActiveCfg = Debug|ARM
		{51B9CA3C-372D-4B53-80E9-D1E708BE1C6F}.Debug|ARM.Build.0 = Debug|ARM
		{51B9CA3C-372D-4B53-80E9-D1E708BE1C6F}.Debug|ARM.Deploy.0 = Debug|ARM
		{51B9CA3C-372D-4B53-80E9-D1E708BE1C6F}.Debug|iPhone.ActiveCfg = Debug|x86
		{51B9CA3C-372D-4B53-80E9-D1E708BE1C6F}.Debug|iPhoneSimulator.ActiveCfg = Debug|x86
		{51B9CA3C-372D-4B53-80E9-D1E708BE1C6F}.Debug|x64.ActiveCfg = Debug|x64
		{51B9CA3C-372D-4B53-80E9-D1E708BE1C6F}.Debug|x64.Build.0 = Debug|x64
		{51B9CA3C-372D-4B53-80E9-D1E708BE1C6F}.Debug|x64.Deploy.0 = Debug|x64
		{51B9CA3C-372D-4B53-80E9-D1E708BE1C6F}.Debug|x86.ActiveCfg = Debug|x86
		{51B9CA3C-372D-4B53-80E9-D1E708BE1C6F}.Debug|x86.Build.0 = Debug|x86
		{51B9CA3C-372D-4B53-80E9-D1E708BE1C6F}.Debug|x86.Deploy.0 = Debug|x86
		{51B9CA3C-372D-4B53-80E9-D1E708BE1C6F}.Release|Any CPU.ActiveCfg = Release|x86
		{51B9CA3C-372D-4B53-80E9-D1E708BE1C6F}.Release|ARM.ActiveCfg = Release|ARM
		{51B9CA3C-372D-4B53-80E9-D1E708BE1C6F}.Release|ARM.Build.0 = Release|ARM
		{51B9CA3C-372D-4B53-80E9-D1E708BE1C6F}.Release|ARM.Deploy.0 = Release|ARM
		{51B9CA3C-372D-4B53-80E9-D1E708BE1C6F}.Release|iPhone.ActiveCfg = Release|x86
		{51B9CA3C-372D-4B53-80E9-D1E708BE1C6F}.Release|iPhoneSimulator.ActiveCfg = Release|x86
		{51B9CA3C-372D-4B53-80E9-D1E708BE1C6F}.Release|x64.ActiveCfg = Release|x64
		{51B9CA3C-372D-4B53-80E9-D1E708BE1C6F}.Release|x64.Build.0 = Release|x64
		{51B9CA3C-372D-4B53-80E9-D1E708BE1C6F}.Release|x64.Deploy.0 = Release|x64
		{51B9CA3C-372D-4B53-80E9-D1E708BE1C6F}.Release|x86.ActiveCfg = Release|x86
		{51B9CA3C-372D-4B53-80E9-D1E708BE1C6F}.Release|x86.Build.0 = Release|x86
		{51B9CA3C-372D-4B53-80E9-D1E708BE1C6F}.Release|x86.Deploy.0 = Release|x86
	EndGlobalSection
	GlobalSection(SolutionProperties) = preSolution
		HideSolutionNode = FALSE
	EndGlobalSection
	GlobalSection(ExtensibilityGlobals) = postSolution
		SolutionGuid = {2DFB3949-EBA2-4B82-BCE7-0D789E3D779C}
	EndGlobalSection
EndGlobal
